
Microsoft Visual Studio Solution File, Format Version 12.00
# Visual Studio Version 16
VisualStudioVersion = 16.0.30717.126
MinimumVisualStudioVersion = 10.0.40219.1
Project("{FAE04EC0-301F-11D3-BF4B-00C04F79EFBC}") = "gb-task_1_1", "gb-task_1_1\gb-task_1_1.csproj", "{1F378700-ED41-4B2E-996A-C67802968F22}"
EndProject
Global
	GlobalSection(SolutionConfigurationPlatforms) = preSolution
		Debug|Any CPU = Debug|Any CPU
		Release|Any CPU = Release|Any CPU
	EndGlobalSection
	GlobalSection(ProjectConfigurationPlatforms) = postSolution
		{1F378700-ED41-4B2E-996A-C67802968F22}.Debug|Any CPU.ActiveCfg = Debug|Any CPU
		{1F378700-ED41-4B2E-996A-C67802968F22}.Debug|Any CPU.Build.0 = Debug|Any CPU
		{1F378700-ED41-4B2E-996A-C67802968F22}.Release|Any CPU.ActiveCfg = Release|Any CPU
		{1F378700-ED41-4B2E-996A-C67802968F22}.Release|Any CPU.Build.0 = Release|Any CPU
	EndGlobalSection
	GlobalSection(SolutionProperties) = preSolution
		HideSolutionNode = FALSE
	EndGlobalSection
	GlobalSection(ExtensibilityGlobals) = postSolution
		SolutionGuid = {C7664CC2-0ACD-4772-8011-4D1C5A533078}
	EndGlobalSection
EndGlobal
