
Microsoft Visual Studio Solution File, Format Version 12.00
# Visual Studio Version 16
VisualStudioVersion = 16.0.30804.86
MinimumVisualStudioVersion = 10.0.40219.1
Project("{9A19103F-16F7-4668-BE54-9A1E7A4F7556}") = "task2", "task2\task2.csproj", "{615A3FEB-AB3B-47D2-9AC9-2AA7873CE64D}"
EndProject
Project("{9A19103F-16F7-4668-BE54-9A1E7A4F7556}") = "task1", "task1\task1.csproj", "{ADFF0323-8C13-4323-BD45-79971B537EF3}"
EndProject
Global
	GlobalSection(SolutionConfigurationPlatforms) = preSolution
		Debug|Any CPU = Debug|Any CPU
		Release|Any CPU = Release|Any CPU
	EndGlobalSection
	GlobalSection(ProjectConfigurationPlatforms) = postSolution
		{615A3FEB-AB3B-47D2-9AC9-2AA7873CE64D}.Debug|Any CPU.ActiveCfg = Debug|Any CPU
		{615A3FEB-AB3B-47D2-9AC9-2AA7873CE64D}.Debug|Any CPU.Build.0 = Debug|Any CPU
		{615A3FEB-AB3B-47D2-9AC9-2AA7873CE64D}.Release|Any CPU.ActiveCfg = Release|Any CPU
		{615A3FEB-AB3B-47D2-9AC9-2AA7873CE64D}.Release|Any CPU.Build.0 = Release|Any CPU
		{ADFF0323-8C13-4323-BD45-79971B537EF3}.Debug|Any CPU.ActiveCfg = Debug|Any CPU
		{ADFF0323-8C13-4323-BD45-79971B537EF3}.Debug|Any CPU.Build.0 = Debug|Any CPU
		{ADFF0323-8C13-4323-BD45-79971B537EF3}.Release|Any CPU.ActiveCfg = Release|Any CPU
		{ADFF0323-8C13-4323-BD45-79971B537EF3}.Release|Any CPU.Build.0 = Release|Any CPU
	EndGlobalSection
	GlobalSection(SolutionProperties) = preSolution
		HideSolutionNode = FALSE
	EndGlobalSection
	GlobalSection(ExtensibilityGlobals) = postSolution
		SolutionGuid = {A671E541-1B76-466C-8B64-104AFCB5F359}
	EndGlobalSection
EndGlobal
