
Microsoft Visual Studio Solution File, Format Version 12.00
# Visual Studio Version 16
VisualStudioVersion = 16.0.30717.126
MinimumVisualStudioVersion = 10.0.40219.1
Project("{9A19103F-16F7-4668-BE54-9A1E7A4F7556}") = "task_2_1", "gb-task_2_1\task_2_1.csproj", "{49C7DF8E-B7E7-4DFB-A7B2-FEDFC1697D17}"
EndProject
Global
	GlobalSection(SolutionConfigurationPlatforms) = preSolution
		Debug|Any CPU = Debug|Any CPU
		Release|Any CPU = Release|Any CPU
	EndGlobalSection
	GlobalSection(ProjectConfigurationPlatforms) = postSolution
		{49C7DF8E-B7E7-4DFB-A7B2-FEDFC1697D17}.Debug|Any CPU.ActiveCfg = Debug|Any CPU
		{49C7DF8E-B7E7-4DFB-A7B2-FEDFC1697D17}.Debug|Any CPU.Build.0 = Debug|Any CPU
		{49C7DF8E-B7E7-4DFB-A7B2-FEDFC1697D17}.Release|Any CPU.ActiveCfg = Release|Any CPU
		{49C7DF8E-B7E7-4DFB-A7B2-FEDFC1697D17}.Release|Any CPU.Build.0 = Release|Any CPU
	EndGlobalSection
	GlobalSection(SolutionProperties) = preSolution
		HideSolutionNode = FALSE
	EndGlobalSection
	GlobalSection(ExtensibilityGlobals) = postSolution
		SolutionGuid = {7FE1B33A-B11C-44D6-A105-B7D4DD294431}
	EndGlobalSection
EndGlobal
