
Microsoft Visual Studio Solution File, Format Version 12.00
# Visual Studio Version 16
VisualStudioVersion = 16.0.30717.126
MinimumVisualStudioVersion = 10.0.40219.1
Project("{FAE04EC0-301F-11D3-BF4B-00C04F79EFBC}") = "task3", "task3\task3.csproj", "{A6C53428-BBF2-481B-A757-37844EB3B4FF}"
EndProject
Global
	GlobalSection(SolutionConfigurationPlatforms) = preSolution
		Debug|Any CPU = Debug|Any CPU
		Release|Any CPU = Release|Any CPU
	EndGlobalSection
	GlobalSection(ProjectConfigurationPlatforms) = postSolution
		{A6C53428-BBF2-481B-A757-37844EB3B4FF}.Debug|Any CPU.ActiveCfg = Debug|Any CPU
		{A6C53428-BBF2-481B-A757-37844EB3B4FF}.Debug|Any CPU.Build.0 = Debug|Any CPU
		{A6C53428-BBF2-481B-A757-37844EB3B4FF}.Release|Any CPU.ActiveCfg = Release|Any CPU
		{A6C53428-BBF2-481B-A757-37844EB3B4FF}.Release|Any CPU.Build.0 = Release|Any CPU
	EndGlobalSection
	GlobalSection(SolutionProperties) = preSolution
		HideSolutionNode = FALSE
	EndGlobalSection
	GlobalSection(ExtensibilityGlobals) = postSolution
		SolutionGuid = {82C91F67-3DA8-49A6-9580-611A99658E62}
	EndGlobalSection
EndGlobal
